<?xml version="1.0" encoding="utf-8"?>
<Project ToolsVersion="4.0" xmlns="http://schemas.microsoft.com/developer/msbuild/2003">
  <ItemGroup>
    <ClCompile Include="Main.cpp" />
    <ClCompile Include="Primitives\Texture.cpp" />
    <ClCompile Include="Primitives\Material.cpp" />
    <ClCompile Include="Primitives\Mesh.cpp" />
    <ClCompile Include="Scene\Light.cpp" />
    <ClCompile Include="Scene\Managers\MaterialManager.cpp" />
    <ClCompile Include="Scene\Managers\MeshManager.cpp" />
    <ClCompile Include="Scene\Managers\TextureManager.cpp" />
    <ClCompile Include="Utility\ModelLoader.cpp" />
    <ClCompile Include="Scene\Scene.cpp" />
    <ClCompile Include="Animation\FK\FKController.cpp" />
    <ClCompile Include="Animation\Rig\Skeleton.cpp" />
    <ClCompile Include="Scene\RiggedModel.cpp" />
    <ClCompile Include="Scene\StaticModel.cpp" />
    <ClCompile Include="Scene\ShadingTechniques\ShadingTechnique.cpp" />
    <ClCompile Include="Animation\IK\FABRIKSolver.cpp" />
    <ClCompile Include="Animation\IK\CCDIKSolver.cpp" />
    <ClCompile Include="Animation\Rig\Pose.cpp" />
    <ClCompile Include="Scene\moc_Scene.cc" />
    <ClCompile Include="Scene\ShadingTechniques\ShadowMapFBO.cpp" />
    <ClCompile Include="Scene\Camera.cpp" />
    <ClCompile Include="Scene\moc_Camera.cc" />
    <ClCompile Include="Scene\ShadingTechniques\Technique.cpp" />
    <ClCompile Include="Utility\LoaderThread.cpp" />
    <ClCompile Include="Utility\moc_LoaderThread.cc" />
    <ClCompile Include="UI\Canvas.cpp" />
    <ClCompile Include="UI\HierarchyWidget.cpp" />
    <ClCompile Include="UI\MainWindow.cpp" />
    <ClCompile Include="UI\moc_Canvas.cc" />
    <ClCompile Include="UI\moc_HierarchyWidget.cc" />
    <ClCompile Include="UI\moc_MainWindow.cc" />
    <ClCompile Include="Utility\LogCenter.cpp" />
    <ClCompile Include="Utility\moc_LogCenter.cc" />
    <ClCompile Include="Scene\Managers\ObjectManager.cpp" />
    <ClCompile Include="Primitives\Component.cpp" />
    <ClCompile Include="Physicis\Particles\ParticleSystem.cpp" />
    <ClCompile Include="Scene\ShadingTechniques\ParticleTechnique.cpp" />
    <ClCompile Include="Physicis\Particles\moc_ParticleSystem.cc" />
    <ClCompile Include="Primitives\CubeMapTexture.cpp" />
    <ClCompile Include="Scene\ShadingTechniques\SkyboxTechnique.cpp" />
    <ClCompile Include="Scene\Skybox.cpp" />
    <ClCompile Include="UI\SkyboxDialog.cpp" />
    <ClCompile Include="UI\moc_SkyboxDialog.cc" />
    <ClCompile Include="Scene\Managers\moc_ObjectManager.cc" />
    <ClCompile Include="Physicis\World\PhysicsWorldConfig.cpp" />
    <ClCompile Include="Physicis\World\PhysicsWorld.cpp" />
    <ClCompile Include="Physicis\Entity\RigidBody.cpp" />
    <ClCompile Include="Primitives\Puppet.cpp" />
    <ClCompile Include="Primitives\GameObject.cpp" />
    <ClCompile Include="Primitives\moc_GameObject.cc" />
    <ClCompile Include="Primitives\moc_Puppet.cc" />
    <ClCompile Include="Utility\AssimpThread.cpp" />
    <ClCompile Include="Utility\moc_AssimpThread.cc" />
    <ClCompile Include="Physicis\World\PhysicsWorldObject.cpp" />
    <ClCompile Include="Scene\ShadingTechniques\moc_ShadingTechnique.cc" />
    <ClCompile Include="Scene\moc_Light.cc" />
    <ClCompile Include="Physicis\Geometry\ConvexShape.cpp" />
    <ClCompile Include="Physicis\Collision\BroadPhase\BroadPhaseCollisionFeedback..cpp" />
    <ClCompile Include="Physicis\Collision\Collider\BoxCollider.cpp" />
    <ClCompile Include="Physicis\Collision\Collider\SphereCollider.cpp" />
    <ClCompile Include="Physicis\Collision\Collider\ICollider.cpp" />
    <ClCompile Include="Scene\IModel.cpp" />
    <ClCompile Include="Scene\IScene.cpp" />
    <ClCompile Include="Primitives\Transform.cpp" />
    <ClCompile Include="Physicis\Collision\NarrowPhase\EPASolver.cpp" />
    <ClCompile Include="Physicis\Collision\NarrowPhase\GJKSolver.cpp" />
    <ClCompile Include="Physicis\Collision\NarrowPhase\NarrowPhaseCollisionDetection.cpp" />
    <ClCompile Include="Physicis\Geometry\Polytope.cpp" />
    <ClCompile Include="Physicis\Geometry\Simplex.cpp" />
    <ClCompile Include="Physicis\Geometry\Triangle.cpp" />
    <ClCompile Include="Physicis\Collision\Collider\ConvexHullCollider.cpp" />
    <ClCompile Include="Primitives\moc_Component.cc" />
    <ClCompile Include="Physicis\Entity\moc_RigidBody.cc" />
  </ItemGroup>
  <ItemGroup>
    <ClInclude Include="Primitives\Texture.h" />
    <ClInclude Include="Primitives\Material.h" />
    <ClInclude Include="Primitives\Mesh.h" />
    <ClInclude Include="Utility\Math.h" />
    <ClInclude Include="Scene\Managers\MeshManager.h" />
    <ClInclude Include="Scene\Managers\MaterialManager.h" />
    <ClInclude Include="Scene\Managers\TextureManager.h" />
    <ClInclude Include="Animation\FK\FKController.h" />
    <ClInclude Include="Animation\Rig\Skeleton.h" />
    <ClInclude Include="Animation\Rig\BoneInfo.h" />
    <ClInclude Include="Scene\RiggedModel.h" />
    <ClInclude Include="Scene\StaticModel.h" />
    <ClInclude Include="Animation\IK\FABRIKSolver.h" />
    <ClInclude Include="Animation\IK\CCDIKSolver.h" />
    <ClInclude Include="Animation\Rig\Pose.h" />
    <ClInclude Include="Scene\ShadingTechniques\ShadowMapFBO.h" />
    <ClInclude Include="Utility\EngineCommon.h" />
    <ClInclude Include="Scene\ShadingTechniques\Technique.h" />
    <ClInclude Include="Utility\Serialization.h" />
    <ClInclude Include="UI\ui_HierarchyWidget.h" />
    <ClInclude Include="Primitives\CubeMapTexture.h" />
    <ClInclude Include="Scene\ShadingTechniques\SkyboxTechnique.h" />
    <ClInclude Include="Scene\Skybox.h" />
    <ClInclude Include="UI\ui_SkyboxWidget.h" />
    <ClInclude Include="Physicis\World\PhysicsWorldConfig.h" />
    <ClInclude Include="Physicis\World\PhysicsWorld.h" />
    <ClInclude Include="Physicis\Geometry\BoxShape.h" />
    <ClInclude Include="Physicis\World\PhysicsWorldObject.h" />
    <ClInclude Include="Utility\LoaderThread.h" />
    <ClInclude Include="UI\SkyboxDialog.h" />
    <ClInclude Include="Scene\Camera.h" />
    <ClInclude Include="Utility\LogCenter.h" />
    <ClInclude Include="Primitives\Puppet.h" />
    <ClInclude Include="Utility\ModelLoader.h" />
    <ClInclude Include="Utility\AssimpThread.h" />
    <ClInclude Include="Physicis\Geometry\SphereShape.h" />
    <ClInclude Include="UI\Canvas.h" />
    <ClInclude Include="Scene\Managers\ObjectManager.h" />
    <ClInclude Include="Scene\ShadingTechniques\ParticleTechnique.h" />
    <ClInclude Include="Scene\ShadingTechniques\ShadingTechnique.h" />
    <ClInclude Include="Physicis\Geometry\ConvexShape.h" />
    <ClInclude Include="Physicis\Collision\BroadPhase\BroadPhaseCollisionFeedback.h" />
    <ClInclude Include="Physicis\Collision\Collider\BoxCollider.h" />
    <ClInclude Include="Physicis\Collision\Collider\SphereCollider.h" />
    <ClInclude Include="Physicis\Geometry\IShape.h" />
    <ClInclude Include="Scene\IScene.h" />
    <ClInclude Include="Physicis\Collision\Collider\ICollider.h" />
    <ClInclude Include="Primitives\Transform.h" />
    <ClInclude Include="Physicis\Collision\NarrowPhase\EPASolver.h" />
    <ClInclude Include="Physicis\Collision\NarrowPhase\GJKSolver.h" />
    <ClInclude Include="Physicis\Collision\NarrowPhase\NarrowPhaseCollisionDetection.h" />
    <ClInclude Include="Physicis\Geometry\Triangle.h" />
    <ClInclude Include="Physicis\Geometry\Polytope.h" />
    <ClInclude Include="Physicis\Geometry\Simplex.h" />
    <ClInclude Include="Physicis\Geometry\Edge.h" />
    <ClInclude Include="Physicis\Collision\Collider\ConvexHullCollider.h" />
    <ClInclude Include="Scene\IModel.h" />
    <ClInclude Include="Scene\Light.h" />
    <ClInclude Include="Primitives\Component.h" />
    <ClInclude Include="Primitives\GameObject.h" />
    <ClInclude Include="resource.h" />
    <ClInclude Include="Physicis\Particles\ParticleSystem.h" />
    <ClInclude Include="Scene\Scene.h" />
    <ClInclude Include="UI\MainWindow.h" />
    <ClInclude Include="UI\HierarchyWidget.h" />
    <ClInclude Include="Physicis\Entity\RigidBody.h" />
  </ItemGroup>
  <ItemGroup>
    <None Include="UI\HierarchyWidget.ui" />
    <None Include="UI\SkyboxWidget.ui" />
    <None Include="Physicis\World\PhysicsWorldObject.inl" />
    <None Include="..\Resource\Logo\nebula.ico" />
  </ItemGroup>
  <ItemGroup>
    <ResourceCompile Include="Project Nebula.rc" />
  </ItemGroup>
</Project>